[
  {
    "repo_id": "kernels-community/relu",
    "sha": "468c458e7cfb386377d1f521bc2b8c77d1eb2562",
    "variants": {
      "torch-ext": {
        "hash": "sha256-fa95388531c6280130219f0e73e5daf521116da6c841fa5ab6a190c7994767d8",
        "hash_type": "git_lfs_concat"
      },
      "torch210-cpu-aarch64-darwin": {
        "hash": "sha256-e0492802726713ff5ec3362350d95ddde207c39c16a2ebad4bfc42a51b15b593",
        "hash_type": "git_lfs_concat"
      },
      "torch210-cu128-x86_64-windows": {
        "hash": "sha256-a52a90e9caea7b8bcbb426cf94d92f9f9ab39b6aff41dfd69d4b9935e34709c0",
        "hash_type": "git_lfs_concat"
      },
      "torch210-cxx11-cpu-aarch64-linux": {
        "hash": "sha256-e2c191aa0bd6b761867f17c1264547b73f63bffda0f0e8131d3f253935e1c4a1",
        "hash_type": "git_lfs_concat"
      },
      "torch210-cxx11-cpu-x86_64-linux": {
        "hash": "sha256-12818400aa094e343ed02d94d61243fa5a81e222b1c3ef81d5a1b46026914e4c",
        "hash_type": "git_lfs_concat"
      },
      "torch210-cxx11-cu126-aarch64-linux": {
        "hash": "sha256-6b20165a41b9cd4fc72722d66dd9f12d9bdfee1eb5c3059cd115b11af906759f",
        "hash_type": "git_lfs_concat"
      },
      "torch210-cxx11-cu126-x86_64-linux": {
        "hash": "sha256-bc8ec6e982d9fdff7366090a6623ae1ad38f6f35eaacd792e23f10aa9e9ab7b6",
        "hash_type": "git_lfs_concat"
      },
      "torch210-cxx11-cu128-aarch64-linux": {
        "hash": "sha256-8cd1a1e36477a224b4de6441440fa3265672a7cfbb9289f57b11800ef3e809bd",
        "hash_type": "git_lfs_concat"
      },
      "torch210-cxx11-cu128-x86_64-linux": {
        "hash": "sha256-c0be23298e650e705b5b7cb6db00fb65b8beeee39dcbc0718221f16802eccc07",
        "hash_type": "git_lfs_concat"
      },
      "torch210-cxx11-cu130-aarch64-linux": {
        "hash": "sha256-a1bc582a87834c6728c50f69f8a954d03e3dc73cce2f775d0bc6f1c42a1d40dd",
        "hash_type": "git_lfs_concat"
      },
      "torch210-cxx11-cu130-x86_64-linux": {
        "hash": "sha256-cfbcb3fe7c3417c64502f84b97ddeb4d4f6c2e9bd1bc7d155accbf19682e5467",
        "hash_type": "git_lfs_concat"
      },
      "torch210-cxx11-rocm70-x86_64-linux": {
        "hash": "sha256-ef3061f180a935be046caaedbe8eb3c9611e5a4228d88d1100f6357a3b5aa46c",
        "hash_type": "git_lfs_concat"
      },
      "torch210-cxx11-rocm71-x86_64-linux": {
        "hash": "sha256-4ec58bc0dd36b98f1153ad2c870906995a5f13278273a5ce9eda861047380ec7",
        "hash_type": "git_lfs_concat"
      },
      "torch210-cxx11-xpu20253-x86_64-linux": {
        "hash": "sha256-aa4eaa81b2f260f6e35d8e7ab4f1aca5cdb91bcb49ed8c8f641820919c8209ab",
        "hash_type": "git_lfs_concat"
      },
      "torch210-metal-aarch64-darwin": {
        "hash": "sha256-424c70191e4808aec776987b3b5ce9ce184348513ce703e200593a71b40cbea3",
        "hash_type": "git_lfs_concat"
      },
      "torch210-xpu20253-x86_64-windows": {
        "hash": "sha256-47f3e41d16251a45edaf5d80c8de531cf037bf7d64cb25c6f9632a33d33b669e",
        "hash_type": "git_lfs_concat"
      },
      "torch211-cpu-aarch64-darwin": {
        "hash": "sha256-c6cda4b2f0f83f4a86939575e9dffcd74d6cdaa6b89da540e86e8d536156245b",
        "hash_type": "git_lfs_concat"
      },
      "torch211-cu128-x86_64-windows": {
        "hash": "sha256-f2367fb89a5995458ed0c5011c7ba69b9b0f2fc43eb434b5b217a7b5ee890783",
        "hash_type": "git_lfs_concat"
      },
      "torch211-cxx11-cpu-aarch64-linux": {
        "hash": "sha256-2ec67a9846bba2ac8a053b4f11d00e086315d4e028b94e5e8168ed00444ee5da",
        "hash_type": "git_lfs_concat"
      },
      "torch211-cxx11-cpu-x86_64-linux": {
        "hash": "sha256-4f9c7dcb0e97ccb0507dd80881c7fc5446fb3626856a42f172c40c65557b064f",
        "hash_type": "git_lfs_concat"
      },
      "torch211-cxx11-cu126-aarch64-linux": {
        "hash": "sha256-7b9ec9ae8d9ceb5af1c9be1517cd0de989b1f1516bb6ff956e435224302f3cf6",
        "hash_type": "git_lfs_concat"
      },
      "torch211-cxx11-cu126-x86_64-linux": {
        "hash": "sha256-de3d3cbdb9817773637da80fab88870e7ad9ce7d7e40899b3a4e5cd7182dc645",
        "hash_type": "git_lfs_concat"
      },
      "torch211-cxx11-cu128-aarch64-linux": {
        "hash": "sha256-559aeba2d57dd3125984c8dd1b1e5358b6807d9b8f1fdc165519e6f1c5e33984",
        "hash_type": "git_lfs_concat"
      },
      "torch211-cxx11-cu128-x86_64-linux": {
        "hash": "sha256-f078aa837db738094599b395372dfb50982dfbeb2538b36f2f2d2b3eec127a51",
        "hash_type": "git_lfs_concat"
      },
      "torch211-cxx11-cu130-aarch64-linux": {
        "hash": "sha256-7ed13391cef18c36cc446d210d2fd8592993d45228a674182ee2cff375fa05ae",
        "hash_type": "git_lfs_concat"
      },
      "torch211-cxx11-cu130-x86_64-linux": {
        "hash": "sha256-42019ed67eff74f5168a2e9d6bf276d047b29c11d5e3395a342893a3f50daae1",
        "hash_type": "git_lfs_concat"
      },
      "torch211-cxx11-rocm71-x86_64-linux": {
        "hash": "sha256-d82aff83823ac9ee81c78db67b860b40d9cbbd6b7efe8640693afdbe16f3e52c",
        "hash_type": "git_lfs_concat"
      },
      "torch211-cxx11-rocm72-x86_64-linux": {
        "hash": "sha256-772ec7f9b0917421f562d162b7db8535cac09b92cc2ce670ba467a08f1dfb9b0",
        "hash_type": "git_lfs_concat"
      },
      "torch211-cxx11-xpu20253-x86_64-linux": {
        "hash": "sha256-4466ae2451d960a6c57a456d0c6a5f7397ccabcc6fb43fc3c0dcf26aecda5cfa",
        "hash_type": "git_lfs_concat"
      },
      "torch211-metal-aarch64-darwin": {
        "hash": "sha256-b9bb76b444aae35782626327647f77f651f67ec666b58f1d3a8f2f251af88a50",
        "hash_type": "git_lfs_concat"
      },
      "torch27-cxx11-cu118-x86_64-linux": {
        "hash": "sha256-7429779f50c9fc301b0ea24dba9414d5f2ad1c282bcdf7764562a23c297983d7",
        "hash_type": "git_lfs_concat"
      },
      "torch27-cxx11-cu126-x86_64-linux": {
        "hash": "sha256-d49807befdf0c158fa2db633128b1b9e9968de28441190e440ebeb2c78dba68e",
        "hash_type": "git_lfs_concat"
      },
      "torch27-cxx11-cu128-x86_64-linux": {
        "hash": "sha256-06ff9a19519870a58d81839b225ff78247c1dc069337f72896e865a840ad9e70",
        "hash_type": "git_lfs_concat"
      },
      "torch27-cxx11-rocm63-x86_64-linux": {
        "hash": "sha256-7269c26076bd220067c790afce9d23c793a1fd02ed62270418fa2e4fbca49634",
        "hash_type": "git_lfs_concat"
      },
      "torch28-cxx11-cu126-x86_64-linux": {
        "hash": "sha256-af49fa68fa009c62ce9c08f64fc872305043addc56158ab6fbbadf07893a0787",
        "hash_type": "git_lfs_concat"
      },
      "torch28-cxx11-cu128-x86_64-linux": {
        "hash": "sha256-96bf8558992bbfbf8fc37cd555bf1fcc71f41b48679d96e38b5451cdf07fdb27",
        "hash_type": "git_lfs_concat"
      },
      "torch28-cxx11-cu129-x86_64-linux": {
        "hash": "sha256-54623031b235a89e989f5958befe2a792026a0d53c9b74852f6746c39ade669d",
        "hash_type": "git_lfs_concat"
      },
      "torch28-cxx11-rocm63-x86_64-linux": {
        "hash": "sha256-acaa2f028abe8dcb2c678c008cffb553e207062381fea130b7dc152ea1fa1a05",
        "hash_type": "git_lfs_concat"
      },
      "torch28-cxx11-rocm64-x86_64-linux": {
        "hash": "sha256-ab46cc6d239742e1dd7ec111d9c1f3a481155137e8fd99053cbe0eafd1cd9b8a",
        "hash_type": "git_lfs_concat"
      },
      "torch28-cxx11-xpu20251-x86_64-linux": {
        "hash": "sha256-75bf872e7d3e6aa311f62132ad2e627d045a14b01976ee25191a20cac3b4a3cc",
        "hash_type": "git_lfs_concat"
      },
      "torch28-metal-aarch64-darwin": {
        "hash": "sha256-bca0ceb95cd9710fec0f357cb775d6a96531f0eb5497b204cb36e44116fa4270",
        "hash_type": "git_lfs_concat"
      },
      "torch29-cpu-aarch64-darwin": {
        "hash": "sha256-ecbe6ac14d9c35d081c6f0cc2d8a0e95c6f2f242d93e2491f10fea31b678f447",
        "hash_type": "git_lfs_concat"
      },
      "torch29-cxx11-cpu-aarch64-linux": {
        "hash": "sha256-9cff285fe8ba5886932007131a5f2c535b2fdbcc6dabff85537a25b807cf7042",
        "hash_type": "git_lfs_concat"
      },
      "torch29-cxx11-cpu-x86_64-linux": {
        "hash": "sha256-f6dd5ec5d7e5e152b268d56929d86b00a9ee31d8a25d9335d75ecf5c98c4f19c",
        "hash_type": "git_lfs_concat"
      },
      "torch29-cxx11-cu126-aarch64-linux": {
        "hash": "sha256-18dad3afde98e56260fa7cf372ece4d538416874356e2dd54bf46539a8ed82fb",
        "hash_type": "git_lfs_concat"
      },
      "torch29-cxx11-cu126-x86_64-linux": {
        "hash": "sha256-a9ea7b6d55fdc391dbc989e8293f38a60aa3a530915ee844eaaa4e9edd67600d",
        "hash_type": "git_lfs_concat"
      },
      "torch29-cxx11-cu128-aarch64-linux": {
        "hash": "sha256-697d3182b6009cbffa10d4732b3fd74433add384f7b59ca9d3f3a8ea6b445735",
        "hash_type": "git_lfs_concat"
      },
      "torch29-cxx11-cu128-x86_64-linux": {
        "hash": "sha256-4ae64a9dfb0fc704ec39cd974a7705e76a2807ce25643c1fb3e425ffaa1ea859",
        "hash_type": "git_lfs_concat"
      },
      "torch29-cxx11-cu129-aarch64-linux": {
        "hash": "sha256-5cf7aba2ae1c07e0634c705c3598b646d690c876dde8ca0159c989486f4b8d7f",
        "hash_type": "git_lfs_concat"
      },
      "torch29-cxx11-cu129-x86_64-linux": {
        "hash": "sha256-06ac0e6e8b044de8741f38ea1b03a35eedbd83a272f19ffc13e33f45fa008e49",
        "hash_type": "git_lfs_concat"
      },
      "torch29-cxx11-cu130-aarch64-linux": {
        "hash": "sha256-583b95751d5f6bd17676dea854eaa08aefef9caae58c24989e3c3b98c1d38981",
        "hash_type": "git_lfs_concat"
      },
      "torch29-cxx11-cu130-x86_64-linux": {
        "hash": "sha256-53f7522980a063afd0a3efb0dd00df13b2983d7154a6bf2570b6d28187f60159",
        "hash_type": "git_lfs_concat"
      },
      "torch29-cxx11-rocm63-x86_64-linux": {
        "hash": "sha256-1fbb063ee71c1561f3d0ebc7cb5637bcb3de7efa9f2cd54c81eb971c392643ff",
        "hash_type": "git_lfs_concat"
      },
      "torch29-cxx11-rocm64-x86_64-linux": {
        "hash": "sha256-d457b1d22a9b73656ad87c44c661951fc563f4b8a9ce0a9ebf27d0f504a131bf",
        "hash_type": "git_lfs_concat"
      },
      "torch29-cxx11-xpu20252-x86_64-linux": {
        "hash": "sha256-37e57ddf0c5a6020da72040bf89ae1f1f6a36d07c8e3db0f44552dce3c782523",
        "hash_type": "git_lfs_concat"
      },
      "torch29-metal-aarch64-darwin": {
        "hash": "sha256-094d00bddd1eb27691397d6c15fa32b80d644a8b5f82494046f914c20040ac13",
        "hash_type": "git_lfs_concat"
      }
    }
  },
  {
    "repo_id": "kernels-test/versions",
    "sha": "f609e51b856b3d874b0ae8445913e200f02c1735",
    "variants": {
      "torch-cpu": {
        "hash": "sha256-d9fced49c3beeb47ce5b996c28f760bec579cf444f9fe1040725686b13b1336e",
        "hash_type": "git_lfs_concat"
      },
      "torch-cuda": {
        "hash": "sha256-b6b786e496802bc3d1ae59cb48acb419d99ca1ffbeee0fecbf16238e36c00842",
        "hash_type": "git_lfs_concat"
      },
      "torch-rocm": {
        "hash": "sha256-0ca53208b80507e0b592cbfb7c0c9b5f22a4def6413b809c551dabbea1e2ac86",
        "hash_type": "git_lfs_concat"
      },
      "torch-xpu": {
        "hash": "sha256-09b9d84cb273d71a081daef373c42bec0691620591822e44a6811833f896b810",
        "hash_type": "git_lfs_concat"
      }
    }
  }
]