[
  {
    "dependency": {
      "repo-id": "kernels-community/einops",
      "version": 1
    },
    "lock": {
      "commit": "94986c119039ea0cb65592c210c57255de1089eb"
    }
  },
  {
    "dependency": {
      "repo-id": "kernels-community/relu",
      "version": 1
    },
    "lock": {
      "commit": "4f593f99ef250e10e9377b5c10109351b418f318"
    }
  },
  {
    "dependency": {
      "repo-id": "kernels-test/kernel-deps",
      "version": 1
    },
    "lock": {
      "commit": "b1c7a501401316a27653d46107b98259ee79d888"
    }
  },
  {
    "dependency": {
      "repo-id": "kernels-test/versions",
      "version": 2
    },
    "lock": {
      "commit": "f609e51b856b3d874b0ae8445913e200f02c1735"
    }
  }
]