[
  {
    "repo_id": "kernels-community/activation",
    "sha": "e3dec6a812261059d936a1c232ba265856c6176b",
    "variants": {
      "torch210-cu128-x86_64-windows": {
        "hash": "sha256-cbf085e1d297d990d9cb074fb5079ff48e9682c729f53a0899a36b5164a6fb45",
        "hash_type": "git_lfs_concat"
      },
      "torch210-cxx11-cu126-x86_64-linux": {
        "hash": "sha256-309cf8d7557e9c1484c109539548faeabc9022425280df28bc00eb2dcb3e0fae",
        "hash_type": "git_lfs_concat"
      },
      "torch210-cxx11-cu128-x86_64-linux": {
        "hash": "sha256-7d533499fb1018f96b9118767a7e39292b5b9990710e74f1ee6b266196b8f19b",
        "hash_type": "git_lfs_concat"
      },
      "torch210-cxx11-cu130-x86_64-linux": {
        "hash": "sha256-7490a34e58f8a82d06992ffb7cae27e4dc8db22bc4b53bfd346eec87c30a4b27",
        "hash_type": "git_lfs_concat"
      },
      "torch210-metal-aarch64-darwin": {
        "hash": "sha256-a7d10d6ddbe4bb7b869419f9787afe4a826f65944be8d2df080ae32a217ab5cc",
        "hash_type": "git_lfs_concat"
      },
      "torch27-cxx11-cu118-x86_64-linux": {
        "hash": "sha256-e34965c814c4c092fcb634ebadefe82ea9a05b98343f8ebdefa7305dcc05359e",
        "hash_type": "git_lfs_concat"
      },
      "torch27-cxx11-cu126-x86_64-linux": {
        "hash": "sha256-5f92b35922b37224a416398a39a29b7e5f1aca1df17d5c69f1b9e9cdb7033561",
        "hash_type": "git_lfs_concat"
      },
      "torch27-cxx11-cu128-aarch64-linux": {
        "hash": "sha256-125967cb23bacd2cec443799f184ac08247dfff33f5027e54ee16d3779ca5986",
        "hash_type": "git_lfs_concat"
      },
      "torch27-cxx11-cu128-x86_64-linux": {
        "hash": "sha256-496a84c99d7035a1b6f0ea1c026b751c3a2677956f4c1be546d3cc1505a5fdbb",
        "hash_type": "git_lfs_concat"
      },
      "torch28-cxx11-cu126-aarch64-linux": {
        "hash": "sha256-f0775a30ffa290c90aba3a41037e3ca91edb15b4a9367561fafd5f25455e117a",
        "hash_type": "git_lfs_concat"
      },
      "torch28-cxx11-cu126-x86_64-linux": {
        "hash": "sha256-f8281d634ef8aff5f8c59409032ede3263ec88a98e17eb18d5c8e9fa9534dd22",
        "hash_type": "git_lfs_concat"
      },
      "torch28-cxx11-cu128-aarch64-linux": {
        "hash": "sha256-b937fef62a0c1cd71ab98490b651c473577af209b9a3e2a6b452350283d8812c",
        "hash_type": "git_lfs_concat"
      },
      "torch28-cxx11-cu128-x86_64-linux": {
        "hash": "sha256-481c8ebeb936c717f16e45bc8ff783ac2778e64439f15ac0bb94db8b0798ac59",
        "hash_type": "git_lfs_concat"
      },
      "torch28-cxx11-cu129-aarch64-linux": {
        "hash": "sha256-a24dca8e998f88be42491921c9df89d88a6112ca630acd2efc2dd34a64b91fcb",
        "hash_type": "git_lfs_concat"
      },
      "torch28-cxx11-cu129-x86_64-linux": {
        "hash": "sha256-92687517c590c6206116ded3d9d05c60b478c4be04de7c9ab4e6b88b3a539c0b",
        "hash_type": "git_lfs_concat"
      },
      "torch29-cxx11-cu126-aarch64-linux": {
        "hash": "sha256-c120011c201072b4cfd70c2ba2d45c2f05337feaf604ddec3c6c4987def33ab3",
        "hash_type": "git_lfs_concat"
      },
      "torch29-cxx11-cu126-x86_64-linux": {
        "hash": "sha256-5a28d4d7c370280d7f35024ccbc52e4ff09e7b10dc05f5026db0c0c189c1d0c4",
        "hash_type": "git_lfs_concat"
      },
      "torch29-cxx11-cu128-aarch64-linux": {
        "hash": "sha256-266d057a9cd82b872a0e02f09ac5e2660fcffcf9a7b7fa1fa8ff33dc19c0f5c2",
        "hash_type": "git_lfs_concat"
      },
      "torch29-cxx11-cu128-x86_64-linux": {
        "hash": "sha256-64852d1194ba9c2476f3b3046148fbbfeb7adab645ef86b30dd393d4c0ba4ed0",
        "hash_type": "git_lfs_concat"
      },
      "torch29-cxx11-cu130-aarch64-linux": {
        "hash": "sha256-23741b935462b53bdf868f8d1c9c8cff5f02f71ea3b0550df41dc8b030b0b474",
        "hash_type": "git_lfs_concat"
      },
      "torch29-cxx11-cu130-x86_64-linux": {
        "hash": "sha256-2e6f47d3152c8e2a920d56f06bd635ca96210b02bde76f1cc73a7c9bf98f5e07",
        "hash_type": "git_lfs_concat"
      },
      "torch29-metal-aarch64-darwin": {
        "hash": "sha256-9f665b54a53246a7d3627422f8a0d41d7956dc5409043dbd14c4ec0327aea310",
        "hash_type": "git_lfs_concat"
      }
    }
  },
  {
    "repo_id": "kernels-community/triton-scaled-mm",
    "sha": "af10d8c1affe8efce93d228c3e6e64ff673d493f",
    "variants": {
      "torch-universal": {
        "hash": "sha256-b843c5f30b52b6c1c56fca28cb0cf453be71d6ce7d308f383dce71a8050f7b52",
        "hash_type": "git_lfs_concat"
      }
    }
  }
]