[
  {
    "repo_id": "kernels-test/versions",
    "sha": "31a8142c476b8933320aae9a198945dcebe20f45",
    "variants": {
      "torch-cpu": {
        "hash": "sha256-d70e804797597372e50001a1e631e96bb38ccec669f5f0a47d7e9863af293447",
        "hash_type": "git_lfs_concat"
      },
      "torch-cuda": {
        "hash": "sha256-d70e804797597372e50001a1e631e96bb38ccec669f5f0a47d7e9863af293447",
        "hash_type": "git_lfs_concat"
      },
      "torch-rocm": {
        "hash": "sha256-d70e804797597372e50001a1e631e96bb38ccec669f5f0a47d7e9863af293447",
        "hash_type": "git_lfs_concat"
      },
      "torch-universal": {
        "hash": "sha256-cf447f2d128fc60937aee4e2cfe2a915df0829b170a86e5760783726de86a731",
        "hash_type": "git_lfs_concat"
      },
      "torch-xpu": {
        "hash": "sha256-d70e804797597372e50001a1e631e96bb38ccec669f5f0a47d7e9863af293447",
        "hash_type": "git_lfs_concat"
      }
    }
  }
]